
Microsoft Visual Studio Solution File, Format Version 12.00
Project("{FAE04EC0-301F-11D3-BF4B-00C04F79EFBC}") = "VolunteerManagement.Api", "VolunteerManagement.Api\VolunteerManagement.Api.csproj", "{8E64553D-CD6A-41EE-8C67-28350E751A24}"
EndProject
Project("{FAE04EC0-301F-11D3-BF4B-00C04F79EFBC}") = "VolunteerManagement.Domain", "VolunteerManagement.Domain\VolunteerManagement.Domain.csproj", "{C7E7BD14-B37C-466B-9569-536ADECBF6CD}"
EndProject
Project("{FAE04EC0-301F-11D3-BF4B-00C04F79EFBC}") = "VolunteerManagement.BusinessLayer", "VolunteerManagement.BusinessLayer\VolunteerManagement.BusinessLayer.csproj", "{35957974-9B08-45C4-B026-5F91FCBBD493}"
EndProject
Project("{FAE04EC0-301F-11D3-BF4B-00C04F79EFBC}") = "VolunteerManagement.DataAccess", "VolunteerManagement.DataAccess\VolunteerManagement.DataAccess.csproj", "{87839B80-5F05-4FD8-8983-CA58D2CD18C7}"
EndProject
Global
	GlobalSection(SolutionConfigurationPlatforms) = preSolution
		Debug|Any CPU = Debug|Any CPU
		Release|Any CPU = Release|Any CPU
	EndGlobalSection
	GlobalSection(ProjectConfigurationPlatforms) = postSolution
		{8E64553D-CD6A-41EE-8C67-28350E751A24}.Debug|Any CPU.ActiveCfg = Debug|Any CPU
		{8E64553D-CD6A-41EE-8C67-28350E751A24}.Debug|Any CPU.Build.0 = Debug|Any CPU
		{8E64553D-CD6A-41EE-8C67-28350E751A24}.Release|Any CPU.ActiveCfg = Release|Any CPU
		{8E64553D-CD6A-41EE-8C67-28350E751A24}.Release|Any CPU.Build.0 = Release|Any CPU
		{C7E7BD14-B37C-466B-9569-536ADECBF6CD}.Debug|Any CPU.ActiveCfg = Debug|Any CPU
		{C7E7BD14-B37C-466B-9569-536ADECBF6CD}.Debug|Any CPU.Build.0 = Debug|Any CPU
		{C7E7BD14-B37C-466B-9569-536ADECBF6CD}.Release|Any CPU.ActiveCfg = Release|Any CPU
		{C7E7BD14-B37C-466B-9569-536ADECBF6CD}.Release|Any CPU.Build.0 = Release|Any CPU
		{35957974-9B08-45C4-B026-5F91FCBBD493}.Debug|Any CPU.ActiveCfg = Debug|Any CPU
		{35957974-9B08-45C4-B026-5F91FCBBD493}.Debug|Any CPU.Build.0 = Debug|Any CPU
		{35957974-9B08-45C4-B026-5F91FCBBD493}.Release|Any CPU.ActiveCfg = Release|Any CPU
		{35957974-9B08-45C4-B026-5F91FCBBD493}.Release|Any CPU.Build.0 = Release|Any CPU
		{87839B80-5F05-4FD8-8983-CA58D2CD18C7}.Debug|Any CPU.ActiveCfg = Debug|Any CPU
		{87839B80-5F05-4FD8-8983-CA58D2CD18C7}.Debug|Any CPU.Build.0 = Debug|Any CPU
		{87839B80-5F05-4FD8-8983-CA58D2CD18C7}.Release|Any CPU.ActiveCfg = Release|Any CPU
		{87839B80-5F05-4FD8-8983-CA58D2CD18C7}.Release|Any CPU.Build.0 = Release|Any CPU
	EndGlobalSection
EndGlobal
